<?xml version="1.0" encoding="utf-8"?>
<Project ToolsVersion="4.0" xmlns="http://schemas.microsoft.com/developer/msbuild/2003">
  <ItemGroup>
    <Filter Include="源文件">
      <UniqueIdentifier>{4FC737F1-C7A5-4376-A066-2A32D752A2FF}</UniqueIdentifier>
      <Extensions>cpp;c;cc;cxx;def;odl;idl;hpj;bat;asm;asmx</Extensions>
    </Filter>
    <Filter Include="头文件">
      <UniqueIdentifier>{93995380-89BD-4b04-88EB-625FBE52EBFB}</UniqueIdentifier>
      <Extensions>h;hpp;hxx;hm;inl;inc;xsd</Extensions>
    </Filter>
    <Filter Include="资源文件">
      <UniqueIdentifier>{67DA6AB6-F800-4c08-8B7A-83BB121AAD01}</UniqueIdentifier>
      <Extensions>rc;ico;cur;bmp;dlg;rc2;rct;bin;rgs;gif;jpg;jpeg;jpe;resx;tiff;tif;png;wav;mfcribbon-ms</Extensions>
    </Filter>
  </ItemGroup>
  <ItemGroup>
    <ClCompile Include="Framework\AnimationSprite.cpp">
      <Filter>源文件</Filter>
    </ClCompile>
    <ClCompile Include="Framework\Game.cpp">
      <Filter>源文件</Filter>
    </ClCompile>
    <ClCompile Include="Framework\Input.cpp">
      <Filter>源文件</Filter>
    </ClCompile>
    <ClCompile Include="Framework\ResourcesPool.cpp">
      <Filter>源文件</Filter>
    </ClCompile>
    <ClCompile Include="Framework\Sprite.cpp">
      <Filter>源文件</Filter>
    </ClCompile>
    <ClCompile Include="Framework\SpritesManager.cpp">
      <Filter>源文件</Filter>
    </ClCompile>
    <ClCompile Include="Framework\XAudio2SoundPlayer.cpp">
      <Filter>源文件</Filter>
    </ClCompile>
    <ClCompile Include="DemoGame.cpp">
      <Filter>源文件</Filter>
    </ClCompile>
    <ClCompile Include="main.cpp">
      <Filter>源文件</Filter>
    </ClCompile>
    <ClCompile Include="StartScene.cpp">
      <Filter>源文件</Filter>
    </ClCompile>
    <ClCompile Include="Framework\SpriteButton.cpp">
      <Filter>源文件</Filter>
    </ClCompile>
    <ClCompile Include="GameScene.cpp">
      <Filter>源文件</Filter>
    </ClCompile>
    <ClCompile Include="ExplainScene.cpp">
      <Filter>源文件</Filter>
    </ClCompile>
    <ClCompile Include="GlobalData.cpp">
      <Filter>源文件</Filter>
    </ClCompile>
    <ClCompile Include="LoginUI.cpp">
      <Filter>源文件</Filter>
    </ClCompile>
    <ClCompile Include="Net\TCPClient.cpp">
      <Filter>源文件</Filter>
    </ClCompile>
    <ClCompile Include="Framework\TextSprite.cpp">
      <Filter>源文件</Filter>
    </ClCompile>
    <ClCompile Include="Framework\TextSpriteManager.cpp">
      <Filter>源文件</Filter>
    </ClCompile>
  </ItemGroup>
  <ItemGroup>
    <ClInclude Include="Framework\AnimationSprite.h">
      <Filter>头文件</Filter>
    </ClInclude>
    <ClInclude Include="Framework\Game.h">
      <Filter>头文件</Filter>
    </ClInclude>
    <ClInclude Include="Framework\Helper.h">
      <Filter>头文件</Filter>
    </ClInclude>
    <ClInclude Include="Framework\Input.h">
      <Filter>头文件</Filter>
    </ClInclude>
    <ClInclude Include="Framework\ResourcesPool.h">
      <Filter>头文件</Filter>
    </ClInclude>
    <ClInclude Include="Framework\Sprite.h">
      <Filter>头文件</Filter>
    </ClInclude>
    <ClInclude Include="Framework\SpritesManager.h">
      <Filter>头文件</Filter>
    </ClInclude>
    <ClInclude Include="Framework\XAudio2SoundPlayer.h">
      <Filter>头文件</Filter>
    </ClInclude>
    <ClInclude Include="DemoGame.h">
      <Filter>头文件</Filter>
    </ClInclude>
    <ClInclude Include="StartScene.h">
      <Filter>头文件</Filter>
    </ClInclude>
    <ClInclude Include="framework\spritebutton.h">
      <Filter>头文件</Filter>
    </ClInclude>
    <ClInclude Include="GameScene.h">
      <Filter>头文件</Filter>
    </ClInclude>
    <ClInclude Include="ExplainScene.h">
      <Filter>头文件</Filter>
    </ClInclude>
    <ClInclude Include="GlobalData.h">
      <Filter>头文件</Filter>
    </ClInclude>
    <ClInclude Include="LoginUI.h">
      <Filter>头文件</Filter>
    </ClInclude>
    <ClInclude Include="resource.h">
      <Filter>头文件</Filter>
    </ClInclude>
    <ClInclude Include="Net\Common.h">
      <Filter>头文件</Filter>
    </ClInclude>
    <ClInclude Include="Net\MsgDefine.h">
      <Filter>头文件</Filter>
    </ClInclude>
    <ClInclude Include="Net\TCPClient.h">
      <Filter>头文件</Filter>
    </ClInclude>
    <ClInclude Include="Framework\TextSprite.h">
      <Filter>头文件</Filter>
    </ClInclude>
    <ClInclude Include="Framework\TextSpriteManager.h">
      <Filter>头文件</Filter>
    </ClInclude>
  </ItemGroup>
</Project>